# This file is automatically @generated by Cargo.
# It is not intended for manual editing.
version = 4

[[package]]
name = "aes"
version = "0.9.0-rc.2"
source = "registry+https://github.com/rust-lang/crates.io-index"
checksum = "fd9e1c818b25efb32214df89b0ec22f01aa397aaeb718d1022bf0635a3bfd1a8"
dependencies = [
 "cfg-if",
 "cipher",
 "cpufeatures",
]

[[package]]
name = "aho-corasick"
version = "1.1.4"
source = "registry+https://github.com/rust-lang/crates.io-index"
checksum = "ddd31a130427c27518df266943a5308ed92d4b226cc639f5a8f1002816174301"
dependencies = [
 "memchr",
]

[[package]]
name = "anes"
version = "0.1.6"
source = "registry+https://github.com/rust-lang/crates.io-index"
checksum = "4b46cbb362ab8752921c97e041f5e366ee6297bd428a31275b9fcf1e380f7299"

[[package]]
name = "anstyle"
version = "1.0.13"
source = "registry+https://github.com/rust-lang/crates.io-index"
checksum = "5192cca8006f1fd4f7237516f40fa183bb07f8fbdfedaa0036de5ea9b0b45e78"

[[package]]
name = "anyhow"
version = "1.0.100"
source = "registry+https://github.com/rust-lang/crates.io-index"
checksum = "a23eb6b1614318a8071c9b2521f36b424b2c83db5eb3a0fead4a6c0809af6e61"

[[package]]
name = "atomic-polyfill"
version = "1.0.3"
source = "registry+https://github.com/rust-lang/crates.io-index"
checksum = "8cf2bce30dfe09ef0bfaef228b9d414faaf7e563035494d7fe092dba54b300f4"
dependencies = [
 "critical-section",
]

[[package]]
name = "autocfg"
version = "1.5.0"
source = "registry+https://github.com/rust-lang/crates.io-index"
checksum = "c08606f8c3cbf4ce6ec8e28fb0014a2c086708fe954eaa885384a6165172e7e8"

[[package]]
name = "base16ct"
version = "1.0.0"
source = "registry+https://github.com/rust-lang/crates.io-index"
checksum = "fd307490d624467aa6f74b0eabb77633d1f758a7b25f12bceb0b22e08d9726f6"

[[package]]
name = "base64ct"
version = "1.8.2"
source = "registry+https://github.com/rust-lang/crates.io-index"
checksum = "7d809780667f4410e7c41b07f52439b94d2bdf8528eeedc287fa38d3b7f95d82"

[[package]]
name = "bitflags"
version = "2.10.0"
source = "registry+https://github.com/rust-lang/crates.io-index"
checksum = "812e12b5285cc515a9c72a5c1d3b6d46a19dac5acfef5265968c166106e31dd3"

[[package]]
name = "block-buffer"
version = "0.11.0"
source = "registry+https://github.com/rust-lang/crates.io-index"
checksum = "96eb4cdd6cf1b31d671e9efe75c5d1ec614776856cefbe109ca373554a6d514f"
dependencies = [
 "hybrid-array",
]

[[package]]
name = "bumpalo"
version = "3.19.1"
source = "registry+https://github.com/rust-lang/crates.io-index"
checksum = "5dd9dc738b7a8311c7ade152424974d8115f2cdad61e8dab8dac9f2362298510"

[[package]]
name = "byteorder"
version = "1.5.0"
source = "registry+https://github.com/rust-lang/crates.io-index"
checksum = "1fd0f2584146f6f2ef48085050886acf353beff7305ebd1ae69500e27c67f64b"

[[package]]
name = "cast"
version = "0.3.0"
source = "registry+https://github.com/rust-lang/crates.io-index"
checksum = "37b2a672a2cb129a2e41c10b1224bb368f9f37a2b16b612598138befd7b37eb5"

[[package]]
name = "cc"
version = "1.2.52"
source = "registry+https://github.com/rust-lang/crates.io-index"
checksum = "cd4932aefd12402b36c60956a4fe0035421f544799057659ff86f923657aada3"
dependencies = [
 "find-msvc-tools",
 "shlex",
]

[[package]]
name = "cfg-if"
version = "1.0.4"
source = "registry+https://github.com/rust-lang/crates.io-index"
checksum = "9330f8b2ff13f34540b44e946ef35111825727b38d33286ef986142615121801"

[[package]]
name = "chacha20"
version = "0.10.0-rc.9"
source = "registry+https://github.com/rust-lang/crates.io-index"
checksum = "c81d916c6ae06736ec667b51f95ee5ff660a75f4ea6ce1bd932c942365c0ea43"
dependencies = [
 "cfg-if",
 "cipher",
 "cpufeatures",
 "rand_core",
]

[[package]]
name = "ciborium"
version = "0.2.2"
source = "registry+https://github.com/rust-lang/crates.io-index"
checksum = "42e69ffd6f0917f5c029256a24d0161db17cea3997d185db0d35926308770f0e"
dependencies = [
 "ciborium-io",
 "ciborium-ll",
 "serde",
]

[[package]]
name = "ciborium-io"
version = "0.2.2"
source = "registry+https://github.com/rust-lang/crates.io-index"
checksum = "05afea1e0a06c9be33d539b876f1ce3692f4afea2cb41f740e7743225ed1c757"

[[package]]
name = "ciborium-ll"
version = "0.2.2"
source = "registry+https://github.com/rust-lang/crates.io-index"
checksum = "57663b653d948a338bfb3eeba9bb2fd5fcfaecb9e199e87e1eda4d9e8b240fd9"
dependencies = [
 "ciborium-io",
 "half 2.7.1",
]

[[package]]
name = "cipher"
version = "0.5.0-rc.5"
source = "registry+https://github.com/rust-lang/crates.io-index"
checksum = "b557bad79bc426785757001b5d732f323ae965363983d758295c1a1935496880"
dependencies = [
 "block-buffer",
 "crypto-common",
 "inout",
]

[[package]]
name = "clap"
version = "4.5.54"
source = "registry+https://github.com/rust-lang/crates.io-index"
checksum = "c6e6ff9dcd79cff5cd969a17a545d79e84ab086e444102a591e288a8aa3ce394"
dependencies = [
 "clap_builder",
]

[[package]]
name = "clap_builder"
version = "4.5.54"
source = "registry+https://github.com/rust-lang/crates.io-index"
checksum = "fa42cf4d2b7a41bc8f663a7cab4031ebafa1bf3875705bfaf8466dc60ab52c00"
dependencies = [
 "anstyle",
 "clap_lex",
]

[[package]]
name = "clap_lex"
version = "0.7.6"
source = "registry+https://github.com/rust-lang/crates.io-index"
checksum = "a1d728cc89cf3aee9ff92b05e62b19ee65a02b5702cff7d5a377e32c6ae29d8d"

[[package]]
name = "cmov"
version = "0.5.2"
source = "registry+https://github.com/rust-lang/crates.io-index"
checksum = "de0758edba32d61d1fd9f4d69491b47604b91ee2f7e6b33de7e54ca4ebe55dc3"

[[package]]
name = "cobs"
version = "0.3.0"
source = "registry+https://github.com/rust-lang/crates.io-index"
checksum = "0fa961b519f0b462e3a3b4a34b64d119eeaca1d59af726fe450bbba07a9fc0a1"
dependencies = [
 "thiserror",
]

[[package]]
name = "const-oid"
version = "0.10.2"
source = "registry+https://github.com/rust-lang/crates.io-index"
checksum = "a6ef517f0926dd24a1582492c791b6a4818a4d94e789a334894aa15b0d12f55c"

[[package]]
name = "cpufeatures"
version = "0.2.17"
source = "registry+https://github.com/rust-lang/crates.io-index"
checksum = "59ed5838eebb26a2bb2e58f6d5b5316989ae9d08bab10e0e6d103e656d1b0280"
dependencies = [
 "libc",
]

[[package]]
name = "criterion"
version = "0.7.0"
source = "registry+https://github.com/rust-lang/crates.io-index"
checksum = "e1c047a62b0cc3e145fa84415a3191f628e980b194c2755aa12300a4e6cbd928"
dependencies = [
 "anes",
 "cast",
 "ciborium",
 "clap",
 "criterion-plot",
 "itertools",
 "num-traits",
 "oorandom",
 "plotters",
 "rayon",
 "regex",
 "serde",
 "serde_json",
 "tinytemplate",
 "walkdir",
]

[[package]]
name = "criterion-plot"
version = "0.6.0"
source = "registry+https://github.com/rust-lang/crates.io-index"
checksum = "9b1bcc0dc7dfae599d84ad0b1a55f80cde8af3725da8313b528da95ef783e338"
dependencies = [
 "cast",
 "itertools",
]

[[package]]
name = "critical-section"
version = "1.2.0"
source = "registry+https://github.com/rust-lang/crates.io-index"
checksum = "790eea4361631c5e7d22598ecd5723ff611904e3344ce8720784c93e3d83d40b"

[[package]]
name = "crossbeam-deque"
version = "0.8.6"
source = "registry+https://github.com/rust-lang/crates.io-index"
checksum = "9dd111b7b7f7d55b72c0a6ae361660ee5853c9af73f70c3c2ef6858b950e2e51"
dependencies = [
 "crossbeam-epoch",
 "crossbeam-utils",
]

[[package]]
name = "crossbeam-epoch"
version = "0.9.18"
source = "registry+https://github.com/rust-lang/crates.io-index"
checksum = "5b82ac4a3c2ca9c3460964f020e1402edd5753411d7737aa39c3714ad1b5420e"
dependencies = [
 "crossbeam-utils",
]

[[package]]
name = "crossbeam-utils"
version = "0.8.21"
source = "registry+https://github.com/rust-lang/crates.io-index"
checksum = "d0a5c400df2834b80a4c3327b3aad3a4c4cd4de0629063962b03235697506a28"

[[package]]
name = "crunchy"
version = "0.2.4"
source = "registry+https://github.com/rust-lang/crates.io-index"
checksum = "460fbee9c2c2f33933d720630a6a0bac33ba7053db5344fac858d4b8952d77d5"

[[package]]
name = "crypto-bigint"
version = "0.7.0-rc.22"
source = "registry+https://github.com/rust-lang/crates.io-index"
checksum = "053c3561863ce55e3226ecc48b08679f4b66cb1b92b9afb42c2c402dfe8b9b51"
dependencies = [
 "ctutils",
 "hybrid-array",
 "num-traits",
 "rand_core",
 "subtle",
 "zeroize",
]

[[package]]
name = "crypto-common"
version = "0.2.0-rc.13"
source = "registry+https://github.com/rust-lang/crates.io-index"
checksum = "c7722afd27468475c9b6063dc03a57ef2ca833816981619f8ebe64d38d207eef"
dependencies = [
 "getrandom",
 "hybrid-array",
 "rand_core",
]

[[package]]
name = "ctutils"
version = "0.4.0"
source = "registry+https://github.com/rust-lang/crates.io-index"
checksum = "1005a6d4446f5120ef475ad3d2af2b30c49c2c9c6904258e3bb30219bebed5e4"
dependencies = [
 "cmov",
 "subtle",
]

[[package]]
name = "curve25519-dalek"
version = "5.0.0-pre.5"
source = "registry+https://github.com/rust-lang/crates.io-index"
checksum = "a434aec7908df6ca86cda069864d7686aea8afad979aadc9e30e50ac3e40b45a"
dependencies = [
 "cfg-if",
 "cpufeatures",
 "curve25519-dalek-derive",
 "fiat-crypto",
 "rustc_version",
 "subtle",
 "zeroize",
]

[[package]]
name = "curve25519-dalek-derive"
version = "0.1.1"
source = "registry+https://github.com/rust-lang/crates.io-index"
checksum = "f46882e17999c6cc590af592290432be3bce0428cb0d5f8b6715e4dc7b383eb3"
dependencies = [
 "proc-macro2",
 "quote",
 "syn",
]

[[package]]
name = "der"
version = "0.8.0-rc.10"
source = "registry+https://github.com/rust-lang/crates.io-index"
checksum = "02c1d73e9668ea6b6a28172aa55f3ebec38507131ce179051c8033b5c6037653"
dependencies = [
 "const-oid",
 "pem-rfc7468",
 "zeroize",
]

[[package]]
name = "dhkem"
version = "0.1.0-pre.2"
dependencies = [
 "elliptic-curve",
 "getrandom",
 "hex-literal",
 "hkdf",
 "k256",
 "kem",
 "p256",
 "p384",
 "p521",
 "rand_core",
 "sha2",
 "x25519-dalek",
 "zeroize",
]

[[package]]
name = "digest"
version = "0.11.0-rc.8"
source = "registry+https://github.com/rust-lang/crates.io-index"
checksum = "2fc1408b7a9f59a7b933faff3e9e7fc15a05a524effd3b3d1601156944c8077f"
dependencies = [
 "block-buffer",
 "const-oid",
 "crypto-common",
 "subtle",
]

[[package]]
name = "either"
version = "1.15.0"
source = "registry+https://github.com/rust-lang/crates.io-index"
checksum = "48c757948c5ede0e46177b7add2e67155f70e33c07fea8284df6576da70b3719"

[[package]]
name = "elliptic-curve"
version = "0.14.0-rc.24"
source = "registry+https://github.com/rust-lang/crates.io-index"
checksum = "5b0f6cc67cc39a00bce2c6f8f8aced0e8c0a06eb1a30f9dd2a9c9f4618bdf3b4"
dependencies = [
 "base16ct",
 "crypto-bigint",
 "crypto-common",
 "digest",
 "hkdf",
 "hybrid-array",
 "rand_core",
 "rustcrypto-ff",
 "rustcrypto-group",
 "sec1",
 "subtle",
 "zeroize",
]

[[package]]
name = "embedded-io"
version = "0.4.0"
source = "registry+https://github.com/rust-lang/crates.io-index"
checksum = "ef1a6892d9eef45c8fa6b9e0086428a2cca8491aca8f787c534a3d6d0bcb3ced"

[[package]]
name = "embedded-io"
version = "0.6.1"
source = "registry+https://github.com/rust-lang/crates.io-index"
checksum = "edd0f118536f44f5ccd48bcb8b111bdc3de888b58c74639dfb034a357d0f206d"

[[package]]
name = "equivalent"
version = "1.0.2"
source = "registry+https://github.com/rust-lang/crates.io-index"
checksum = "877a4ace8713b0bcf2a4e7eec82529c029f1d0619886d18145fea96c3ffe5c0f"

[[package]]
name = "fiat-crypto"
version = "0.3.0"
source = "registry+https://github.com/rust-lang/crates.io-index"
checksum = "64cd1e32ddd350061ae6edb1b082d7c54915b5c672c389143b9a63403a109f24"

[[package]]
name = "find-msvc-tools"
version = "0.1.7"
source = "registry+https://github.com/rust-lang/crates.io-index"
checksum = "f449e6c6c08c865631d4890cfacf252b3d396c9bcc83adb6623cdb02a8336c41"

[[package]]
name = "foldhash"
version = "0.1.5"
source = "registry+https://github.com/rust-lang/crates.io-index"
checksum = "d9c4f5dac5e15c24eb999c26181a6ca40b39fe946cbe4c263c7209467bc83af2"

[[package]]
name = "frodo-kem"
version = "0.1.0-pre.2"
dependencies = [
 "aes",
 "chacha20",
 "criterion",
 "getrandom",
 "hex",
 "hybrid-array",
 "openssl-sys",
 "postcard",
 "rand_core",
 "rstest",
 "serde",
 "serde_bare",
 "serde_cbor",
 "serde_json",
 "serde_yaml",
 "serdect",
 "sha3",
 "subtle",
 "thiserror",
 "toml",
 "zeroize",
]

[[package]]
name = "futures-core"
version = "0.3.31"
source = "registry+https://github.com/rust-lang/crates.io-index"
checksum = "05f29059c0c2090612e8d742178b0580d2dc940c837851ad723096f87af6663e"

[[package]]
name = "futures-macro"
version = "0.3.31"
source = "registry+https://github.com/rust-lang/crates.io-index"
checksum = "162ee34ebcb7c64a8abebc059ce0fee27c2262618d7b60ed8faf72fef13c3650"
dependencies = [
 "proc-macro2",
 "quote",
 "syn",
]

[[package]]
name = "futures-task"
version = "0.3.31"
source = "registry+https://github.com/rust-lang/crates.io-index"
checksum = "f90f7dce0722e95104fcb095585910c0977252f286e354b5e3bd38902cd99988"

[[package]]
name = "futures-timer"
version = "3.0.3"
source = "registry+https://github.com/rust-lang/crates.io-index"
checksum = "f288b0a4f20f9a56b5d1da57e2227c661b7b16168e2f72365f57b63326e29b24"

[[package]]
name = "futures-util"
version = "0.3.31"
source = "registry+https://github.com/rust-lang/crates.io-index"
checksum = "9fa08315bb612088cc391249efdc3bc77536f16c91f6cf495e6fbe85b20a4a81"
dependencies = [
 "futures-core",
 "futures-macro",
 "futures-task",
 "pin-project-lite",
 "pin-utils",
 "slab",
]

[[package]]
name = "getrandom"
version = "0.4.0-rc.1"
source = "registry+https://github.com/rust-lang/crates.io-index"
checksum = "74f70a332ddf75e5e5e43284304179ba02f391f82f692f030b08a8378adf3c99"
dependencies = [
 "cfg-if",
 "libc",
 "r-efi",
 "rand_core",
 "wasip2",
 "wasip3",
]

[[package]]
name = "glob"
version = "0.3.3"
source = "registry+https://github.com/rust-lang/crates.io-index"
checksum = "0cc23270f6e1808e30a928bdc84dea0b9b4136a8bc82338574f23baf47bbd280"

[[package]]
name = "half"
version = "1.8.3"
source = "registry+https://github.com/rust-lang/crates.io-index"
checksum = "1b43ede17f21864e81be2fa654110bf1e793774238d86ef8555c37e6519c0403"

[[package]]
name = "half"
version = "2.7.1"
source = "registry+https://github.com/rust-lang/crates.io-index"
checksum = "6ea2d84b969582b4b1864a92dc5d27cd2b77b622a8d79306834f1be5ba20d84b"
dependencies = [
 "cfg-if",
 "crunchy",
 "zerocopy",
]

[[package]]
name = "hash32"
version = "0.2.1"
source = "registry+https://github.com/rust-lang/crates.io-index"
checksum = "b0c35f58762feb77d74ebe43bdbc3210f09be9fe6742234d573bacc26ed92b67"
dependencies = [
 "byteorder",
]

[[package]]
name = "hashbrown"
version = "0.15.5"
source = "registry+https://github.com/rust-lang/crates.io-index"
checksum = "9229cfe53dfd69f0609a49f65461bd93001ea1ef889cd5529dd176593f5338a1"
dependencies = [
 "foldhash",
]

[[package]]
name = "hashbrown"
version = "0.16.1"
source = "registry+https://github.com/rust-lang/crates.io-index"
checksum = "841d1cc9bed7f9236f321df977030373f4a4163ae1a7dbfe1a51a2c1a51d9100"

[[package]]
name = "heapless"
version = "0.7.17"
source = "registry+https://github.com/rust-lang/crates.io-index"
checksum = "cdc6457c0eb62c71aac4bc17216026d8410337c4126773b9c5daba343f17964f"
dependencies = [
 "atomic-polyfill",
 "hash32",
 "rustc_version",
 "serde",
 "spin",
 "stable_deref_trait",
]

[[package]]
name = "heck"
version = "0.5.0"
source = "registry+https://github.com/rust-lang/crates.io-index"
checksum = "2304e00983f87ffb38b55b444b5e3b60a884b5d30c0fca7d82fe33449bbe55ea"

[[package]]
name = "hex"
version = "0.4.3"
source = "registry+https://github.com/rust-lang/crates.io-index"
checksum = "7f24254aa9a54b5c858eaee2f5bccdb46aaf0e486a595ed5fd8f86ba55232a70"
dependencies = [
 "serde",
]

[[package]]
name = "hex-literal"
version = "1.1.0"
source = "registry+https://github.com/rust-lang/crates.io-index"
checksum = "e712f64ec3850b98572bffac52e2c6f282b29fe6c5fa6d42334b30be438d95c1"

[[package]]
name = "hkdf"
version = "0.13.0-rc.3"
source = "registry+https://github.com/rust-lang/crates.io-index"
checksum = "cfbb4225acf2b5cc4e12d384672cd6d1f0cb980ff5859ffcf144db25b593a24d"
dependencies = [
 "hmac",
]

[[package]]
name = "hmac"
version = "0.13.0-rc.3"
source = "registry+https://github.com/rust-lang/crates.io-index"
checksum = "f1c597ac7d6cc8143e30e83ef70915e7f883b18d8bec2e2b2bce47f5bbb06d57"
dependencies = [
 "digest",
]

[[package]]
name = "hybrid-array"
version = "0.4.6"
source = "registry+https://github.com/rust-lang/crates.io-index"
checksum = "b41fb3dc24fe72c2e3a4685eed55917c2fb228851257f4a8f2d985da9443c3e5"
dependencies = [
 "subtle",
 "typenum",
 "zeroize",
]

[[package]]
name = "id-arena"
version = "2.3.0"
source = "registry+https://github.com/rust-lang/crates.io-index"
checksum = "3d3067d79b975e8844ca9eb072e16b31c3c1c36928edf9c6789548c524d0d954"

[[package]]
name = "indexmap"
version = "2.13.0"
source = "registry+https://github.com/rust-lang/crates.io-index"
checksum = "7714e70437a7dc3ac8eb7e6f8df75fd8eb422675fc7678aff7364301092b1017"
dependencies = [
 "equivalent",
 "hashbrown 0.16.1",
 "serde",
 "serde_core",
]

[[package]]
name = "inout"
version = "0.2.2"
source = "registry+https://github.com/rust-lang/crates.io-index"
checksum = "4250ce6452e92010fdf7268ccc5d14faa80bb12fc741938534c58f16804e03c7"
dependencies = [
 "hybrid-array",
]

[[package]]
name = "itertools"
version = "0.13.0"
source = "registry+https://github.com/rust-lang/crates.io-index"
checksum = "413ee7dfc52ee1a4949ceeb7dbc8a33f2d6c088194d9f922fb8318faf1f01186"
dependencies = [
 "either",
]

[[package]]
name = "itoa"
version = "1.0.17"
source = "registry+https://github.com/rust-lang/crates.io-index"
checksum = "92ecc6618181def0457392ccd0ee51198e065e016d1d527a7ac1b6dc7c1f09d2"

[[package]]
name = "js-sys"
version = "0.3.83"
source = "registry+https://github.com/rust-lang/crates.io-index"
checksum = "464a3709c7f55f1f721e5389aa6ea4e3bc6aba669353300af094b29ffbdde1d8"
dependencies = [
 "once_cell",
 "wasm-bindgen",
]

[[package]]
name = "k256"
version = "0.14.0-rc.6"
source = "registry+https://github.com/rust-lang/crates.io-index"
checksum = "ebb5f9253d4a600323279707ab36a1f1a74d21e85a43f048cce0bfea2928c637"
dependencies = [
 "cfg-if",
 "elliptic-curve",
]

[[package]]
name = "keccak"
version = "0.2.0-rc.1"
source = "registry+https://github.com/rust-lang/crates.io-index"
checksum = "5a412fe37705d515cba9dbf1448291a717e187e2351df908cfc0137cbec3d480"
dependencies = [
 "cpufeatures",
]

[[package]]
name = "kem"
version = "0.3.0-rc.2"
source = "registry+https://github.com/rust-lang/crates.io-index"
checksum = "1d13ca544bfe26ab1f199a9eef34be41bf06827d0372b35f61846edb9af8d18d"
dependencies = [
 "crypto-common",
 "rand_core",
]

[[package]]
name = "leb128fmt"
version = "0.1.0"
source = "registry+https://github.com/rust-lang/crates.io-index"
checksum = "09edd9e8b54e49e587e4f6295a7d29c3ea94d469cb40ab8ca70b288248a81db2"

[[package]]
name = "libc"
version = "0.2.180"
source = "registry+https://github.com/rust-lang/crates.io-index"
checksum = "bcc35a38544a891a5f7c865aca548a982ccb3b8650a5b06d0fd33a10283c56fc"

[[package]]
name = "lock_api"
version = "0.4.14"
source = "registry+https://github.com/rust-lang/crates.io-index"
checksum = "224399e74b87b5f3557511d98dff8b14089b3dadafcab6bb93eab67d3aace965"
dependencies = [
 "scopeguard",
]

[[package]]
name = "log"
version = "0.4.29"
source = "registry+https://github.com/rust-lang/crates.io-index"
checksum = "5e5032e24019045c762d3c0f28f5b6b8bbf38563a65908389bf7978758920897"

[[package]]
name = "memchr"
version = "2.7.6"
source = "registry+https://github.com/rust-lang/crates.io-index"
checksum = "f52b00d39961fc5b2736ea853c9cc86238e165017a493d1d5c8eac6bdc4cc273"

[[package]]
name = "ml-kem"
version = "0.3.0-pre.5"
dependencies = [
 "const-oid",
 "criterion",
 "getrandom",
 "hex",
 "hex-literal",
 "hybrid-array",
 "kem",
 "module-lattice",
 "num-rational",
 "pkcs8",
 "rand_core",
 "serde",
 "serde_json",
 "sha3",
 "subtle",
 "zeroize",
]

[[package]]
name = "module-lattice"
version = "0.1.0-rc.0"
dependencies = [
 "getrandom",
 "hybrid-array",
 "num-traits",
 "subtle",
 "zeroize",
]

[[package]]
name = "num-bigint"
version = "0.4.6"
source = "registry+https://github.com/rust-lang/crates.io-index"
checksum = "a5e44f723f1133c9deac646763579fdb3ac745e418f2a7af9cd0c431da1f20b9"
dependencies = [
 "num-integer",
 "num-traits",
]

[[package]]
name = "num-integer"
version = "0.1.46"
source = "registry+https://github.com/rust-lang/crates.io-index"
checksum = "7969661fd2958a5cb096e56c8e1ad0444ac2bbcd0061bd28660485a44879858f"
dependencies = [
 "num-traits",
]

[[package]]
name = "num-rational"
version = "0.4.2"
source = "registry+https://github.com/rust-lang/crates.io-index"
checksum = "f83d14da390562dca69fc84082e73e548e1ad308d24accdedd2720017cb37824"
dependencies = [
 "num-bigint",
 "num-integer",
 "num-traits",
]

[[package]]
name = "num-traits"
version = "0.2.19"
source = "registry+https://github.com/rust-lang/crates.io-index"
checksum = "071dfc062690e90b734c0b2273ce72ad0ffa95f0c74596bc250dcfd960262841"
dependencies = [
 "autocfg",
]

[[package]]
name = "once_cell"
version = "1.21.3"
source = "registry+https://github.com/rust-lang/crates.io-index"
checksum = "42f5e15c9953c5e4ccceeb2e7382a716482c34515315f7b03532b8b4e8393d2d"

[[package]]
name = "oorandom"
version = "11.1.5"
source = "registry+https://github.com/rust-lang/crates.io-index"
checksum = "d6790f58c7ff633d8771f42965289203411a5e5c68388703c06e14f24770b41e"

[[package]]
name = "openssl-sys"
version = "0.9.111"
source = "registry+https://github.com/rust-lang/crates.io-index"
checksum = "82cab2d520aa75e3c58898289429321eb788c3106963d0dc886ec7a5f4adc321"
dependencies = [
 "cc",
 "libc",
 "pkg-config",
 "vcpkg",
]

[[package]]
name = "p256"
version = "0.14.0-rc.6"
source = "registry+https://github.com/rust-lang/crates.io-index"
checksum = "de1286c2d38465adf5a7d970766796c1fb343172c58fd70f69e8d96e7d9dcbe4"
dependencies = [
 "elliptic-curve",
 "primefield",
 "primeorder",
]

[[package]]
name = "p384"
version = "0.14.0-rc.6"
source = "registry+https://github.com/rust-lang/crates.io-index"
checksum = "3b7574cab645ebcc13db3a531ae853d369e786270efd8b7fdb61de5c9328438d"
dependencies = [
 "elliptic-curve",
 "fiat-crypto",
 "primefield",
 "primeorder",
]

[[package]]
name = "p521"
version = "0.14.0-rc.6"
source = "registry+https://github.com/rust-lang/crates.io-index"
checksum = "aa943740d30f154f6370223a510d5111d08528bf857cb61359048e61983b3eb0"
dependencies = [
 "base16ct",
 "elliptic-curve",
 "primefield",
 "primeorder",
]

[[package]]
name = "pem-rfc7468"
version = "1.0.0"
source = "registry+https://github.com/rust-lang/crates.io-index"
checksum = "a6305423e0e7738146434843d1694d621cce767262b2a86910beab705e4493d9"
dependencies = [
 "base64ct",
]

[[package]]
name = "pin-project-lite"
version = "0.2.16"
source = "registry+https://github.com/rust-lang/crates.io-index"
checksum = "3b3cff922bd51709b605d9ead9aa71031d81447142d828eb4a6eba76fe619f9b"

[[package]]
name = "pin-utils"
version = "0.1.0"
source = "registry+https://github.com/rust-lang/crates.io-index"
checksum = "8b870d8c151b6f2fb93e84a13146138f05d02ed11c7e7c54f8826aaaf7c9f184"

[[package]]
name = "pkcs8"
version = "0.11.0-rc.8"
source = "registry+https://github.com/rust-lang/crates.io-index"
checksum = "77089aec8290d0b7bb01b671b091095cf1937670725af4fd73d47249f03b12c0"
dependencies = [
 "der",
 "spki",
]

[[package]]
name = "pkg-config"
version = "0.3.32"
source = "registry+https://github.com/rust-lang/crates.io-index"
checksum = "7edddbd0b52d732b21ad9a5fab5c704c14cd949e5e9a1ec5929a24fded1b904c"

[[package]]
name = "plotters"
version = "0.3.7"
source = "registry+https://github.com/rust-lang/crates.io-index"
checksum = "5aeb6f403d7a4911efb1e33402027fc44f29b5bf6def3effcc22d7bb75f2b747"
dependencies = [
 "num-traits",
 "plotters-backend",
 "plotters-svg",
 "wasm-bindgen",
 "web-sys",
]

[[package]]
name = "plotters-backend"
version = "0.3.7"
source = "registry+https://github.com/rust-lang/crates.io-index"
checksum = "df42e13c12958a16b3f7f4386b9ab1f3e7933914ecea48da7139435263a4172a"

[[package]]
name = "plotters-svg"
version = "0.3.7"
source = "registry+https://github.com/rust-lang/crates.io-index"
checksum = "51bae2ac328883f7acdfea3d66a7c35751187f870bc81f94563733a154d7a670"
dependencies = [
 "plotters-backend",
]

[[package]]
name = "postcard"
version = "1.1.3"
source = "registry+https://github.com/rust-lang/crates.io-index"
checksum = "6764c3b5dd454e283a30e6dfe78e9b31096d9e32036b5d1eaac7a6119ccb9a24"
dependencies = [
 "cobs",
 "embedded-io 0.4.0",
 "embedded-io 0.6.1",
 "heapless",
 "serde",
]

[[package]]
name = "prettyplease"
version = "0.2.37"
source = "registry+https://github.com/rust-lang/crates.io-index"
checksum = "479ca8adacdd7ce8f1fb39ce9ecccbfe93a3f1344b3d0d97f20bc0196208f62b"
dependencies = [
 "proc-macro2",
 "syn",
]

[[package]]
name = "primefield"
version = "0.14.0-rc.6"
source = "registry+https://github.com/rust-lang/crates.io-index"
checksum = "40d00b69a9bd66d09004e2db633068d5af00435f6e673838e50f2944b8033ec8"
dependencies = [
 "crypto-bigint",
 "crypto-common",
 "rand_core",
 "rustcrypto-ff",
 "subtle",
 "zeroize",
]

[[package]]
name = "primeorder"
version = "0.14.0-rc.6"
source = "registry+https://github.com/rust-lang/crates.io-index"
checksum = "156aeda78c4a7e86701563514573bc28f127eec880bfa6a22efc4b8139b1c049"
dependencies = [
 "elliptic-curve",
]

[[package]]
name = "proc-macro-crate"
version = "3.4.0"
source = "registry+https://github.com/rust-lang/crates.io-index"
checksum = "219cb19e96be00ab2e37d6e299658a0cfa83e52429179969b0f0121b4ac46983"
dependencies = [
 "toml_edit",
]

[[package]]
name = "proc-macro2"
version = "1.0.105"
source = "registry+https://github.com/rust-lang/crates.io-index"
checksum = "535d180e0ecab6268a3e718bb9fd44db66bbbc256257165fc699dadf70d16fe7"
dependencies = [
 "unicode-ident",
]

[[package]]
name = "quote"
version = "1.0.43"
source = "registry+https://github.com/rust-lang/crates.io-index"
checksum = "dc74d9a594b72ae6656596548f56f667211f8a97b3d4c3d467150794690dc40a"
dependencies = [
 "proc-macro2",
]

[[package]]
name = "r-efi"
version = "5.3.0"
source = "registry+https://github.com/rust-lang/crates.io-index"
checksum = "69cdb34c158ceb288df11e18b4bd39de994f6657d83847bdffdbd7f346754b0f"

[[package]]
name = "rand_core"
version = "0.10.0-rc-6"
source = "registry+https://github.com/rust-lang/crates.io-index"
checksum = "70765ff7112b0fb2d272d24d9a2f907fc206211304328fe58b2db15a5649ef28"

[[package]]
name = "rayon"
version = "1.11.0"
source = "registry+https://github.com/rust-lang/crates.io-index"
checksum = "368f01d005bf8fd9b1206fb6fa653e6c4a81ceb1466406b81792d87c5677a58f"
dependencies = [
 "either",
 "rayon-core",
]

[[package]]
name = "rayon-core"
version = "1.13.0"
source = "registry+https://github.com/rust-lang/crates.io-index"
checksum = "22e18b0f0062d30d4230b2e85ff77fdfe4326feb054b9783a3460d8435c8ab91"
dependencies = [
 "crossbeam-deque",
 "crossbeam-utils",
]

[[package]]
name = "regex"
version = "1.12.2"
source = "registry+https://github.com/rust-lang/crates.io-index"
checksum = "843bc0191f75f3e22651ae5f1e72939ab2f72a4bc30fa80a066bd66edefc24d4"
dependencies = [
 "aho-corasick",
 "memchr",
 "regex-automata",
 "regex-syntax",
]

[[package]]
name = "regex-automata"
version = "0.4.13"
source = "registry+https://github.com/rust-lang/crates.io-index"
checksum = "5276caf25ac86c8d810222b3dbb938e512c55c6831a10f3e6ed1c93b84041f1c"
dependencies = [
 "aho-corasick",
 "memchr",
 "regex-syntax",
]

[[package]]
name = "regex-syntax"
version = "0.8.8"
source = "registry+https://github.com/rust-lang/crates.io-index"
checksum = "7a2d987857b319362043e95f5353c0535c1f58eec5336fdfcf626430af7def58"

[[package]]
name = "relative-path"
version = "1.9.3"
source = "registry+https://github.com/rust-lang/crates.io-index"
checksum = "ba39f3699c378cd8970968dcbff9c43159ea4cfbd88d43c00b22f2ef10a435d2"

[[package]]
name = "rstest"
version = "0.26.1"
source = "registry+https://github.com/rust-lang/crates.io-index"
checksum = "f5a3193c063baaa2a95a33f03035c8a72b83d97a54916055ba22d35ed3839d49"
dependencies = [
 "futures-timer",
 "futures-util",
 "rstest_macros",
]

[[package]]
name = "rstest_macros"
version = "0.26.1"
source = "registry+https://github.com/rust-lang/crates.io-index"
checksum = "9c845311f0ff7951c5506121a9ad75aec44d083c31583b2ea5a30bcb0b0abba0"
dependencies = [
 "cfg-if",
 "glob",
 "proc-macro-crate",
 "proc-macro2",
 "quote",
 "regex",
 "relative-path",
 "rustc_version",
 "syn",
 "unicode-ident",
]

[[package]]
name = "rustc_version"
version = "0.4.1"
source = "registry+https://github.com/rust-lang/crates.io-index"
checksum = "cfcb3a22ef46e85b45de6ee7e79d063319ebb6594faafcf1c225ea92ab6e9b92"
dependencies = [
 "semver",
]

[[package]]
name = "rustcrypto-ff"
version = "0.14.0-pre.1"
source = "registry+https://github.com/rust-lang/crates.io-index"
checksum = "36fdf8f956089df8343b9479045c026932f9eb004d0f32d8497b4d133b316a66"
dependencies = [
 "rand_core",
 "subtle",
]

[[package]]
name = "rustcrypto-group"
version = "0.14.0-pre.1"
source = "registry+https://github.com/rust-lang/crates.io-index"
checksum = "df76d08c12814c794ffe95ac788b48081cccb607fade4ed746825d29791ce538"
dependencies = [
 "rand_core",
 "rustcrypto-ff",
 "subtle",
]

[[package]]
name = "rustversion"
version = "1.0.22"
source = "registry+https://github.com/rust-lang/crates.io-index"
checksum = "b39cdef0fa800fc44525c84ccb54a029961a8215f9619753635a9c0d2538d46d"

[[package]]
name = "ryu"
version = "1.0.22"
source = "registry+https://github.com/rust-lang/crates.io-index"
checksum = "a50f4cf475b65d88e057964e0e9bb1f0aa9bbb2036dc65c64596b42932536984"

[[package]]
name = "same-file"
version = "1.0.6"
source = "registry+https://github.com/rust-lang/crates.io-index"
checksum = "93fc1dc3aaa9bfed95e02e6eadabb4baf7e3078b0bd1b4d7b6b0b68378900502"
dependencies = [
 "winapi-util",
]

[[package]]
name = "scopeguard"
version = "1.2.0"
source = "registry+https://github.com/rust-lang/crates.io-index"
checksum = "94143f37725109f92c262ed2cf5e59bce7498c01bcc1502d7b9afe439a4e9f49"

[[package]]
name = "sec1"
version = "0.8.0-rc.13"
source = "registry+https://github.com/rust-lang/crates.io-index"
checksum = "7a2400ed44a13193820aa528a19f376c3843141a8ce96ff34b11104cc79763f2"
dependencies = [
 "base16ct",
 "ctutils",
 "der",
 "hybrid-array",
 "subtle",
 "zeroize",
]

[[package]]
name = "semver"
version = "1.0.27"
source = "registry+https://github.com/rust-lang/crates.io-index"
checksum = "d767eb0aabc880b29956c35734170f26ed551a859dbd361d140cdbeca61ab1e2"

[[package]]
name = "serde"
version = "1.0.228"
source = "registry+https://github.com/rust-lang/crates.io-index"
checksum = "9a8e94ea7f378bd32cbbd37198a4a91436180c5bb472411e48b5ec2e2124ae9e"
dependencies = [
 "serde_core",
 "serde_derive",
]

[[package]]
name = "serde_bare"
version = "0.5.0"
source = "registry+https://github.com/rust-lang/crates.io-index"
checksum = "51c55386eed0f1ae957b091dc2ca8122f287b60c79c774cbe3d5f2b69fded660"
dependencies = [
 "serde",
]

[[package]]
name = "serde_cbor"
version = "0.11.2"
source = "registry+https://github.com/rust-lang/crates.io-index"
checksum = "2bef2ebfde456fb76bbcf9f59315333decc4fda0b2b44b420243c11e0f5ec1f5"
dependencies = [
 "half 1.8.3",
 "serde",
]

[[package]]
name = "serde_core"
version = "1.0.228"
source = "registry+https://github.com/rust-lang/crates.io-index"
checksum = "41d385c7d4ca58e59fc732af25c3983b67ac852c1a25000afe1175de458b67ad"
dependencies = [
 "serde_derive",
]

[[package]]
name = "serde_derive"
version = "1.0.228"
source = "registry+https://github.com/rust-lang/crates.io-index"
checksum = "d540f220d3187173da220f885ab66608367b6574e925011a9353e4badda91d79"
dependencies = [
 "proc-macro2",
 "quote",
 "syn",
]

[[package]]
name = "serde_json"
version = "1.0.149"
source = "registry+https://github.com/rust-lang/crates.io-index"
checksum = "83fc039473c5595ace860d8c4fafa220ff474b3fc6bfdb4293327f1a37e94d86"
dependencies = [
 "itoa",
 "memchr",
 "serde",
 "serde_core",
 "zmij",
]

[[package]]
name = "serde_spanned"
version = "1.0.4"
source = "registry+https://github.com/rust-lang/crates.io-index"
checksum = "f8bbf91e5a4d6315eee45e704372590b30e260ee83af6639d64557f51b067776"
dependencies = [
 "serde_core",
]

[[package]]
name = "serde_yaml"
version = "0.9.34+deprecated"
source = "registry+https://github.com/rust-lang/crates.io-index"
checksum = "6a8b1a1a2ebf674015cc02edccce75287f1a0130d394307b36743c2f5d504b47"
dependencies = [
 "indexmap",
 "itoa",
 "ryu",
 "serde",
 "unsafe-libyaml",
]

[[package]]
name = "serdect"
version = "0.4.2"
source = "registry+https://github.com/rust-lang/crates.io-index"
checksum = "9af4a3e75ebd5599b30d4de5768e00b5095d518a79fefc3ecbaf77e665d1ec06"
dependencies = [
 "base16ct",
 "serde",
]

[[package]]
name = "sha2"
version = "0.11.0-rc.4"
source = "registry+https://github.com/rust-lang/crates.io-index"
checksum = "7535f94fa3339fe9e5e9be6260a909e62af97f6e14b32345ccf79b92b8b81233"
dependencies = [
 "cfg-if",
 "cpufeatures",
 "digest",
]

[[package]]
name = "sha3"
version = "0.11.0-rc.6"
source = "registry+https://github.com/rust-lang/crates.io-index"
checksum = "1deee7fbcdd62fbcffc9dc2f5f17f96adac881ec7e1506e1eedee1644d0cc535"
dependencies = [
 "digest",
 "keccak",
]

[[package]]
name = "shlex"
version = "1.3.0"
source = "registry+https://github.com/rust-lang/crates.io-index"
checksum = "0fda2ff0d084019ba4d7c6f371c95d8fd75ce3524c3cb8fb653a3023f6323e64"

[[package]]
name = "slab"
version = "0.4.11"
source = "registry+https://github.com/rust-lang/crates.io-index"
checksum = "7a2ae44ef20feb57a68b23d846850f861394c2e02dc425a50098ae8c90267589"

[[package]]
name = "spin"
version = "0.9.8"
source = "registry+https://github.com/rust-lang/crates.io-index"
checksum = "6980e8d7511241f8acf4aebddbb1ff938df5eebe98691418c4468d0b72a96a67"
dependencies = [
 "lock_api",
]

[[package]]
name = "spki"
version = "0.8.0-rc.4"
source = "registry+https://github.com/rust-lang/crates.io-index"
checksum = "8baeff88f34ed0691978ec34440140e1572b68c7dd4a495fd14a3dc1944daa80"
dependencies = [
 "base64ct",
 "der",
]

[[package]]
name = "stable_deref_trait"
version = "1.2.1"
source = "registry+https://github.com/rust-lang/crates.io-index"
checksum = "6ce2be8dc25455e1f91df71bfa12ad37d7af1092ae736f3a6cd0e37bc7810596"

[[package]]
name = "subtle"
version = "2.6.1"
source = "registry+https://github.com/rust-lang/crates.io-index"
checksum = "13c2bddecc57b384dee18652358fb23172facb8a2c51ccc10d74c157bdea3292"

[[package]]
name = "syn"
version = "2.0.114"
source = "registry+https://github.com/rust-lang/crates.io-index"
checksum = "d4d107df263a3013ef9b1879b0df87d706ff80f65a86ea879bd9c31f9b307c2a"
dependencies = [
 "proc-macro2",
 "quote",
 "unicode-ident",
]

[[package]]
name = "thiserror"
version = "2.0.17"
source = "registry+https://github.com/rust-lang/crates.io-index"
checksum = "f63587ca0f12b72a0600bcba1d40081f830876000bb46dd2337a3051618f4fc8"
dependencies = [
 "thiserror-impl",
]

[[package]]
name = "thiserror-impl"
version = "2.0.17"
source = "registry+https://github.com/rust-lang/crates.io-index"
checksum = "3ff15c8ecd7de3849db632e14d18d2571fa09dfc5ed93479bc4485c7a517c913"
dependencies = [
 "proc-macro2",
 "quote",
 "syn",
]

[[package]]
name = "tinytemplate"
version = "1.2.1"
source = "registry+https://github.com/rust-lang/crates.io-index"
checksum = "be4d6b5f19ff7664e8c98d03e2139cb510db9b0a60b55f8e8709b689d939b6bc"
dependencies = [
 "serde",
 "serde_json",
]

[[package]]
name = "toml"
version = "0.9.11+spec-1.1.0"
source = "registry+https://github.com/rust-lang/crates.io-index"
checksum = "f3afc9a848309fe1aaffaed6e1546a7a14de1f935dc9d89d32afd9a44bab7c46"
dependencies = [
 "indexmap",
 "serde_core",
 "serde_spanned",
 "toml_datetime",
 "toml_parser",
 "toml_writer",
 "winnow",
]

[[package]]
name = "toml_datetime"
version = "0.7.5+spec-1.1.0"
source = "registry+https://github.com/rust-lang/crates.io-index"
checksum = "92e1cfed4a3038bc5a127e35a2d360f145e1f4b971b551a2ba5fd7aedf7e1347"
dependencies = [
 "serde_core",
]

[[package]]
name = "toml_edit"
version = "0.23.10+spec-1.0.0"
source = "registry+https://github.com/rust-lang/crates.io-index"
checksum = "84c8b9f757e028cee9fa244aea147aab2a9ec09d5325a9b01e0a49730c2b5269"
dependencies = [
 "indexmap",
 "toml_datetime",
 "toml_parser",
 "winnow",
]

[[package]]
name = "toml_parser"
version = "1.0.6+spec-1.1.0"
source = "registry+https://github.com/rust-lang/crates.io-index"
checksum = "a3198b4b0a8e11f09dd03e133c0280504d0801269e9afa46362ffde1cbeebf44"
dependencies = [
 "winnow",
]

[[package]]
name = "toml_writer"
version = "1.0.6+spec-1.1.0"
source = "registry+https://github.com/rust-lang/crates.io-index"
checksum = "ab16f14aed21ee8bfd8ec22513f7287cd4a91aa92e44edfe2c17ddd004e92607"

[[package]]
name = "typenum"
version = "1.19.0"
source = "registry+https://github.com/rust-lang/crates.io-index"
checksum = "562d481066bde0658276a35467c4af00bdc6ee726305698a55b86e61d7ad82bb"

[[package]]
name = "unicode-ident"
version = "1.0.22"
source = "registry+https://github.com/rust-lang/crates.io-index"
checksum = "9312f7c4f6ff9069b165498234ce8be658059c6728633667c526e27dc2cf1df5"

[[package]]
name = "unicode-xid"
version = "0.2.6"
source = "registry+https://github.com/rust-lang/crates.io-index"
checksum = "ebc1c04c71510c7f702b52b7c350734c9ff1295c464a03335b00bb84fc54f853"

[[package]]
name = "unsafe-libyaml"
version = "0.2.11"
source = "registry+https://github.com/rust-lang/crates.io-index"
checksum = "673aac59facbab8a9007c7f6108d11f63b603f7cabff99fabf650fea5c32b861"

[[package]]
name = "vcpkg"
version = "0.2.15"
source = "registry+https://github.com/rust-lang/crates.io-index"
checksum = "accd4ea62f7bb7a82fe23066fb0957d48ef677f6eeb8215f372f52e48bb32426"

[[package]]
name = "walkdir"
version = "2.5.0"
source = "registry+https://github.com/rust-lang/crates.io-index"
checksum = "29790946404f91d9c5d06f9874efddea1dc06c5efe94541a7d6863108e3a5e4b"
dependencies = [
 "same-file",
 "winapi-util",
]

[[package]]
name = "wasip2"
version = "1.0.1+wasi-0.2.4"
source = "registry+https://github.com/rust-lang/crates.io-index"
checksum = "0562428422c63773dad2c345a1882263bbf4d65cf3f42e90921f787ef5ad58e7"
dependencies = [
 "wit-bindgen 0.46.0",
]

[[package]]
name = "wasip3"
version = "0.3.1+wasi-0.3.0-rc-2025-09-16"
source = "registry+https://github.com/rust-lang/crates.io-index"
checksum = "87ba4be47b1d11244670d11857eee0758a8f2c39aea64d80b78c1ce29b4642cd"
dependencies = [
 "wit-bindgen 0.48.1",
]

[[package]]
name = "wasm-bindgen"
version = "0.2.106"
source = "registry+https://github.com/rust-lang/crates.io-index"
checksum = "0d759f433fa64a2d763d1340820e46e111a7a5ab75f993d1852d70b03dbb80fd"
dependencies = [
 "cfg-if",
 "once_cell",
 "rustversion",
 "wasm-bindgen-macro",
 "wasm-bindgen-shared",
]

[[package]]
name = "wasm-bindgen-macro"
version = "0.2.106"
source = "registry+https://github.com/rust-lang/crates.io-index"
checksum = "48cb0d2638f8baedbc542ed444afc0644a29166f1595371af4fecf8ce1e7eeb3"
dependencies = [
 "quote",
 "wasm-bindgen-macro-support",
]

[[package]]
name = "wasm-bindgen-macro-support"
version = "0.2.106"
source = "registry+https://github.com/rust-lang/crates.io-index"
checksum = "cefb59d5cd5f92d9dcf80e4683949f15ca4b511f4ac0a6e14d4e1ac60c6ecd40"
dependencies = [
 "bumpalo",
 "proc-macro2",
 "quote",
 "syn",
 "wasm-bindgen-shared",
]

[[package]]
name = "wasm-bindgen-shared"
version = "0.2.106"
source = "registry+https://github.com/rust-lang/crates.io-index"
checksum = "cbc538057e648b67f72a982e708d485b2efa771e1ac05fec311f9f63e5800db4"
dependencies = [
 "unicode-ident",
]

[[package]]
name = "wasm-encoder"
version = "0.241.2"
source = "registry+https://github.com/rust-lang/crates.io-index"
checksum = "e01164c9dda68301e34fdae536c23ed6fe90ce6d97213ccc171eebbd3d02d6b8"
dependencies = [
 "leb128fmt",
 "wasmparser",
]

[[package]]
name = "wasm-metadata"
version = "0.241.2"
source = "registry+https://github.com/rust-lang/crates.io-index"
checksum = "876fe286f2fa416386deedebe8407e6f19e0b5aeaef3d03161e77a15fa80f167"
dependencies = [
 "anyhow",
 "indexmap",
 "wasm-encoder",
 "wasmparser",
]

[[package]]
name = "wasmparser"
version = "0.241.2"
source = "registry+https://github.com/rust-lang/crates.io-index"
checksum = "46d90019b1afd4b808c263e428de644f3003691f243387d30d673211ee0cb8e8"
dependencies = [
 "bitflags",
 "hashbrown 0.15.5",
 "indexmap",
 "semver",
]

[[package]]
name = "web-sys"
version = "0.3.83"
source = "registry+https://github.com/rust-lang/crates.io-index"
checksum = "9b32828d774c412041098d182a8b38b16ea816958e07cf40eec2bc080ae137ac"
dependencies = [
 "js-sys",
 "wasm-bindgen",
]

[[package]]
name = "winapi-util"
version = "0.1.11"
source = "registry+https://github.com/rust-lang/crates.io-index"
checksum = "c2a7b1c03c876122aa43f3020e6c3c3ee5c05081c9a00739faf7503aeba10d22"
dependencies = [
 "windows-sys",
]

[[package]]
name = "windows-link"
version = "0.2.1"
source = "registry+https://github.com/rust-lang/crates.io-index"
checksum = "f0805222e57f7521d6a62e36fa9163bc891acd422f971defe97d64e70d0a4fe5"

[[package]]
name = "windows-sys"
version = "0.61.2"
source = "registry+https://github.com/rust-lang/crates.io-index"
checksum = "ae137229bcbd6cdf0f7b80a31df61766145077ddf49416a728b02cb3921ff3fc"
dependencies = [
 "windows-link",
]

[[package]]
name = "winnow"
version = "0.7.14"
source = "registry+https://github.com/rust-lang/crates.io-index"
checksum = "5a5364e9d77fcdeeaa6062ced926ee3381faa2ee02d3eb83a5c27a8825540829"
dependencies = [
 "memchr",
]

[[package]]
name = "wit-bindgen"
version = "0.46.0"
source = "registry+https://github.com/rust-lang/crates.io-index"
checksum = "f17a85883d4e6d00e8a97c586de764dabcc06133f7f1d55dce5cdc070ad7fe59"

[[package]]
name = "wit-bindgen"
version = "0.48.1"
source = "registry+https://github.com/rust-lang/crates.io-index"
checksum = "7f8c2adb5f74ac9395bc3121c99a1254bf9310482c27b13f97167aedb5887138"
dependencies = [
 "wit-bindgen-rust-macro",
]

[[package]]
name = "wit-bindgen-core"
version = "0.48.1"
source = "registry+https://github.com/rust-lang/crates.io-index"
checksum = "9b881a098cae03686d7a0587f8f306f8a58102ad8da8b5599100fbe0e7f5800b"
dependencies = [
 "anyhow",
 "heck",
 "wit-parser",
]

[[package]]
name = "wit-bindgen-rust"
version = "0.48.1"
source = "registry+https://github.com/rust-lang/crates.io-index"
checksum = "69667efa439a453e1d50dac939c6cab6d2c3ac724a9d232b6631dad2472a5b70"
dependencies = [
 "anyhow",
 "heck",
 "indexmap",
 "prettyplease",
 "syn",
 "wasm-metadata",
 "wit-bindgen-core",
 "wit-component",
]

[[package]]
name = "wit-bindgen-rust-macro"
version = "0.48.1"
source = "registry+https://github.com/rust-lang/crates.io-index"
checksum = "eae2e22cceb5d105d52326c07e3e67603a861cc7add70fc467f7cc7ec5265017"
dependencies = [
 "anyhow",
 "prettyplease",
 "proc-macro2",
 "quote",
 "syn",
 "wit-bindgen-core",
 "wit-bindgen-rust",
]

[[package]]
name = "wit-component"
version = "0.241.2"
source = "registry+https://github.com/rust-lang/crates.io-index"
checksum = "1fd0c57df25e7ee612d946d3b7646c1ddb2310f8280aa2c17e543b66e0812241"
dependencies = [
 "anyhow",
 "bitflags",
 "indexmap",
 "log",
 "serde",
 "serde_derive",
 "serde_json",
 "wasm-encoder",
 "wasm-metadata",
 "wasmparser",
 "wit-parser",
]

[[package]]
name = "wit-parser"
version = "0.241.2"
source = "registry+https://github.com/rust-lang/crates.io-index"
checksum = "09ef1c6ad67f35c831abd4039c02894de97034100899614d1c44e2268ad01c91"
dependencies = [
 "anyhow",
 "id-arena",
 "indexmap",
 "log",
 "semver",
 "serde",
 "serde_derive",
 "serde_json",
 "unicode-xid",
 "wasmparser",
]

[[package]]
name = "x-wing"
version = "0.1.0-pre.5"
dependencies = [
 "getrandom",
 "hex",
 "kem",
 "ml-kem",
 "rand_core",
 "serde",
 "serde_json",
 "sha3",
 "x25519-dalek",
 "zeroize",
]

[[package]]
name = "x25519-dalek"
version = "3.0.0-pre.5"
source = "registry+https://github.com/rust-lang/crates.io-index"
checksum = "40dac5a6478dc8baae2031cfc87d966e427a4fe5011e7f90785ff5c8aa9f2d06"
dependencies = [
 "curve25519-dalek",
 "rand_core",
 "zeroize",
]

[[package]]
name = "zerocopy"
version = "0.8.33"
source = "registry+https://github.com/rust-lang/crates.io-index"
checksum = "668f5168d10b9ee831de31933dc111a459c97ec93225beb307aed970d1372dfd"
dependencies = [
 "zerocopy-derive",
]

[[package]]
name = "zerocopy-derive"
version = "0.8.33"
source = "registry+https://github.com/rust-lang/crates.io-index"
checksum = "2c7962b26b0a8685668b671ee4b54d007a67d4eaf05fda79ac0ecf41e32270f1"
dependencies = [
 "proc-macro2",
 "quote",
 "syn",
]

[[package]]
name = "zeroize"
version = "1.8.2"
source = "registry+https://github.com/rust-lang/crates.io-index"
checksum = "b97154e67e32c85465826e8bcc1c59429aaaf107c1e4a9e53c8d8ccd5eff88d0"

[[package]]
name = "zmij"
version = "1.0.12"
source = "registry+https://github.com/rust-lang/crates.io-index"
checksum = "2fc5a66a20078bf1251bde995aa2fdcc4b800c70b5d92dd2c62abc5c60f679f8"
